{
  "name": "test-say-hello-world",
  "version": "1.0.0",
  "lockfileVersion": 3,
  "requires": true,
  "packages": {
    "": {
      "name": "test-say-hello-world",
      "version": "1.0.0",
      "license": "MIT",
      "dependencies": {
        "connect-wallet-metamask": "^1.0.1"
      }
    },
    "node_modules/connect-wallet-metamask": {
      "version": "1.0.1",
      "resolved": "https://registry.npmjs.org/connect-wallet-metamask/-/connect-wallet-metamask-1.0.1.tgz",
      "integrity": "sha512-lyn2baFQNkauN1ZcAnQfBcJxUeoVIUdFpzHWNjXJ7ZhTBJeNn43p8/PIH5axbb8CqZG8GXPH/0Hw+ODh1dnhxQ==",
      "dependencies": {
        "staking-dapp-tea": "^1.0.0"
      }
    },
    "node_modules/convert-to-rupiah": {
      "version": "1.0.1",
      "resolved": "https://registry.npmjs.org/convert-to-rupiah/-/convert-to-rupiah-1.0.1.tgz",
      "integrity": "sha512-fVYHiiaE31qnQQ1tEseLL9adZ6Aww1Pw4v2NlGCacleDRM+YiIB93AFkL/3FrqLxCHU4LzoaYolgMmWtS9FgJQ==",
      "dependencies": {
        "lodash": "^4.17.21"
      }
    },
    "node_modules/lodash": {
      "version": "4.17.21",
      "resolved": "https://registry.npmjs.org/lodash/-/lodash-4.17.21.tgz",
      "integrity": "sha512-v2kDEe57lecTulaDIuNTPy3Ry4gLGJ6Z1O3vE1krgXZNrsQ+LFTGHVxVjcXPs17LhbZVGedAJv8XZ1tvj5FvSg=="
    },
    "node_modules/staking-dapp-tea": {
      "version": "1.0.0",
      "resolved": "https://registry.npmjs.org/staking-dapp-tea/-/staking-dapp-tea-1.0.0.tgz",
      "integrity": "sha512-EsMaV/OAIY6bI3ERaMWn+hYAq+BdJDZFQEF7HC3s1svb3UwxClbqDF+UTHu6kny64e21gTpm+X+wsaGkQTMcRw==",
      "dependencies": {
        "convert-to-rupiah": "^1.0.1"
      }
    }
  }
}
